
Microsoft Visual Studio Solution File, Format Version 12.00
# Visual Studio Version 17
VisualStudioVersion = 17.4.33213.308
MinimumVisualStudioVersion = 10.0.40219.1
Project("{FAE04EC0-301F-11D3-BF4B-00C04F79EFBC}") = "PL", "PL\PL.csproj", "{616BD0BC-D5A6-4B62-AE51-347B2C8A4EE7}"
EndProject
Project("{FAE04EC0-301F-11D3-BF4B-00C04F79EFBC}") = "BL", "BL\BL.csproj", "{F5A7F672-7E17-486F-8679-50425697FF39}"
EndProject
Project("{FAE04EC0-301F-11D3-BF4B-00C04F79EFBC}") = "ML", "ML\ML.csproj", "{9D35B80E-3A8B-46FA-B5DE-B67FA3EF6526}"
EndProject
Project("{FAE04EC0-301F-11D3-BF4B-00C04F79EFBC}") = "DL", "DL\DL.csproj", "{809C5503-4D70-41BA-A00B-2410B5131DC2}"
EndProject
Global
	GlobalSection(SolutionConfigurationPlatforms) = preSolution
		Debug|Any CPU = Debug|Any CPU
		Release|Any CPU = Release|Any CPU
	EndGlobalSection
	GlobalSection(ProjectConfigurationPlatforms) = postSolution
		{616BD0BC-D5A6-4B62-AE51-347B2C8A4EE7}.Debug|Any CPU.ActiveCfg = Debug|Any CPU
		{616BD0BC-D5A6-4B62-AE51-347B2C8A4EE7}.Debug|Any CPU.Build.0 = Debug|Any CPU
		{616BD0BC-D5A6-4B62-AE51-347B2C8A4EE7}.Release|Any CPU.ActiveCfg = Release|Any CPU
		{616BD0BC-D5A6-4B62-AE51-347B2C8A4EE7}.Release|Any CPU.Build.0 = Release|Any CPU
		{F5A7F672-7E17-486F-8679-50425697FF39}.Debug|Any CPU.ActiveCfg = Debug|Any CPU
		{F5A7F672-7E17-486F-8679-50425697FF39}.Debug|Any CPU.Build.0 = Debug|Any CPU
		{F5A7F672-7E17-486F-8679-50425697FF39}.Release|Any CPU.ActiveCfg = Release|Any CPU
		{F5A7F672-7E17-486F-8679-50425697FF39}.Release|Any CPU.Build.0 = Release|Any CPU
		{9D35B80E-3A8B-46FA-B5DE-B67FA3EF6526}.Debug|Any CPU.ActiveCfg = Debug|Any CPU
		{9D35B80E-3A8B-46FA-B5DE-B67FA3EF6526}.Debug|Any CPU.Build.0 = Debug|Any CPU
		{9D35B80E-3A8B-46FA-B5DE-B67FA3EF6526}.Release|Any CPU.ActiveCfg = Release|Any CPU
		{9D35B80E-3A8B-46FA-B5DE-B67FA3EF6526}.Release|Any CPU.Build.0 = Release|Any CPU
		{809C5503-4D70-41BA-A00B-2410B5131DC2}.Debug|Any CPU.ActiveCfg = Debug|Any CPU
		{809C5503-4D70-41BA-A00B-2410B5131DC2}.Debug|Any CPU.Build.0 = Debug|Any CPU
		{809C5503-4D70-41BA-A00B-2410B5131DC2}.Release|Any CPU.ActiveCfg = Release|Any CPU
		{809C5503-4D70-41BA-A00B-2410B5131DC2}.Release|Any CPU.Build.0 = Release|Any CPU
	EndGlobalSection
	GlobalSection(SolutionProperties) = preSolution
		HideSolutionNode = FALSE
	EndGlobalSection
	GlobalSection(ExtensibilityGlobals) = postSolution
		SolutionGuid = {A390C67A-1D87-445B-8DC6-9BEEE98ACBF2}
	EndGlobalSection
EndGlobal
